
Microsoft Visual Studio Solution File, Format Version 12.00
# Visual Studio Version 17
VisualStudioVersion = 17.8.34330.188
MinimumVisualStudioVersion = 10.0.40219.1
Project("{FAE04EC0-301F-11D3-BF4B-00C04F79EFBC}") = "World Time CLI", "World Time CLI\World Time CLI.csproj", "{EF42241E-E030-419C-83A7-FA1307450812}"
EndProject
Global
	GlobalSection(SolutionConfigurationPlatforms) = preSolution
		Debug|Any CPU = Debug|Any CPU
		Release|Any CPU = Release|Any CPU
	EndGlobalSection
	GlobalSection(ProjectConfigurationPlatforms) = postSolution
		{EF42241E-E030-419C-83A7-FA1307450812}.Debug|Any CPU.ActiveCfg = Debug|Any CPU
		{EF42241E-E030-419C-83A7-FA1307450812}.Debug|Any CPU.Build.0 = Debug|Any CPU
		{EF42241E-E030-419C-83A7-FA1307450812}.Release|Any CPU.ActiveCfg = Release|Any CPU
		{EF42241E-E030-419C-83A7-FA1307450812}.Release|Any CPU.Build.0 = Release|Any CPU
	EndGlobalSection
	GlobalSection(SolutionProperties) = preSolution
		HideSolutionNode = FALSE
	EndGlobalSection
	GlobalSection(ExtensibilityGlobals) = postSolution
		SolutionGuid = {8830F7EC-3022-4A3E-BF6C-A6CCA393179A}
	EndGlobalSection
EndGlobal
